
Microsoft Visual Studio Solution File, Format Version 12.00
# Visual Studio Version 16
VisualStudioVersion = 16.0.31729.503
MinimumVisualStudioVersion = 10.0.40219.1
Project("{FAE04EC0-301F-11D3-BF4B-00C04F79EFBC}") = "Object-pool_FactoryDesignPatter", "Object-pool_FactoryDesignPatter.csproj", "{76B23E90-D699-419A-9BAB-018BD28D1E71}"
EndProject
Global
	GlobalSection(SolutionConfigurationPlatforms) = preSolution
		Debug|Any CPU = Debug|Any CPU
		Release|Any CPU = Release|Any CPU
	EndGlobalSection
	GlobalSection(ProjectConfigurationPlatforms) = postSolution
		{76B23E90-D699-419A-9BAB-018BD28D1E71}.Debug|Any CPU.ActiveCfg = Debug|Any CPU
		{76B23E90-D699-419A-9BAB-018BD28D1E71}.Debug|Any CPU.Build.0 = Debug|Any CPU
		{76B23E90-D699-419A-9BAB-018BD28D1E71}.Release|Any CPU.ActiveCfg = Release|Any CPU
		{76B23E90-D699-419A-9BAB-018BD28D1E71}.Release|Any CPU.Build.0 = Release|Any CPU
	EndGlobalSection
	GlobalSection(SolutionProperties) = preSolution
		HideSolutionNode = FALSE
	EndGlobalSection
	GlobalSection(ExtensibilityGlobals) = postSolution
		SolutionGuid = {6FE2311D-0F2E-4236-9CE5-5E8DBE658B49}
	EndGlobalSection
EndGlobal
